PODS:
  - CryptoSwift (1.10.0)
  - Firebase/CoreOnly (12.17.0):
    - FirebaseCore (~> 12.17.0)
  - Firebase/Messaging (12.17.0):
    - Firebase/CoreOnly
    - FirebaseMessaging (~> 12.17.0)
  - firebase_core (4.13.0):
    - Firebase/CoreOnly (= 12.17.0)
    - Flutter
  - firebase_messaging (16.5.0):
    - Firebase/Messaging (= 12.17.0)
    - firebase_core
    - Flutter
  - FirebaseCore (12.17.0):
    - FirebaseCoreInternal (~> 12.17.0)
    - GoogleUtilities/Environment (~> 8.1)
    - GoogleUtilities/Logger (~> 8.1)
  - FirebaseCoreInternal (12.17.0):
    - "GoogleUtilities/NSData+zlib (~> 8.1)"
  - FirebaseInstallations (12.17.0):
    - FirebaseCore (~> 12.17.0)
    - GoogleUtilities/Environment (~> 8.1)
    - GoogleUtilities/UserDefaults (~> 8.1)
    - PromisesObjC (~> 2.4)
  - FirebaseMessaging (12.17.0):
    - FirebaseCore (~> 12.17.0)
    - FirebaseInstallations (~> 12.17.0)
    - GoogleDataTransport (~> 10.1)
    - GoogleUtilities/AppDelegateSwizzler (~> 8.1)
    - GoogleUtilities/Environment (~> 8.1)
    - GoogleUtilities/Reachability (~> 8.1)
    - GoogleUtilities/UserDefaults (~> 8.1)
    - nanopb (~> 3.30910.0)
  - Flutter (1.0.0)
  - flutter_callkit_incoming (0.0.1):
    - CryptoSwift
    - Flutter
  - flutter_local_notifications (0.0.1):
    - Flutter
  - flutter_ringtone_player (0.0.1):
    - Flutter
  - flutter_webrtc (0.12.6):
    - Flutter
    - WebRTC-SDK (= 125.6422.06)
  - GoogleDataTransport (10.1.1):
    - nanopb (~> 3.30910.0)
    - PromisesObjC (~> 2.4)
  - GoogleUtilities/AppDelegateSwizzler (8.1.2):
    - GoogleUtilities/Environment
    - GoogleUtilities/Logger
    - GoogleUtilities/Network
    - GoogleUtilities/Privacy
  - GoogleUtilities/Environment (8.1.2):
    - GoogleUtilities/Privacy
  - GoogleUtilities/Logger (8.1.2):
    - GoogleUtilities/Environment
    - GoogleUtilities/Privacy
  - GoogleUtilities/Network (8.1.2):
    - GoogleUtilities/Logger
    - "GoogleUtilities/NSData+zlib"
    - GoogleUtilities/Privacy
    - GoogleUtilities/Reachability
  - "GoogleUtilities/NSData+zlib (8.1.2)":
    - GoogleUtilities/Privacy
  - GoogleUtilities/Privacy (8.1.2)
  - GoogleUtilities/Reachability (8.1.2):
    - GoogleUtilities/Logger
    - GoogleUtilities/Privacy
  - GoogleUtilities/UserDefaults (8.1.2):
    - GoogleUtilities/Logger
    - GoogleUtilities/Privacy
  - nanopb (3.30910.0):
    - nanopb/decode (= 3.30910.0)
    - nanopb/encode (= 3.30910.0)
  - nanopb/decode (3.30910.0)
  - nanopb/encode (3.30910.0)
  - PromisesObjC (2.4.1)
  - sqlite3 (3.52.0):
    - sqlite3/common (= 3.52.0)
  - sqlite3/common (3.52.0)
  - sqlite3/dbstatvtab (3.52.0):
    - sqlite3/common
  - sqlite3/fts5 (3.52.0):
    - sqlite3/common
  - sqlite3/math (3.52.0):
    - sqlite3/common
  - sqlite3/perf-threadsafe (3.52.0):
    - sqlite3/common
  - sqlite3/rtree (3.52.0):
    - sqlite3/common
  - sqlite3/session (3.52.0):
    - sqlite3/common
  - sqlite3_flutter_libs (0.0.1):
    - Flutter
    - FlutterMacOS
    - sqlite3 (~> 3.52.0)
    - sqlite3/dbstatvtab
    - sqlite3/fts5
    - sqlite3/math
    - sqlite3/perf-threadsafe
    - sqlite3/rtree
    - sqlite3/session
  - WebRTC-SDK (125.6422.06)

DEPENDENCIES:
  - firebase_core (from `.symlinks/plugins/firebase_core/ios`)
  - firebase_messaging (from `.symlinks/plugins/firebase_messaging/ios`)
  - Flutter (from `Flutter`)
  - flutter_callkit_incoming (from `.symlinks/plugins/flutter_callkit_incoming/ios`)
  - flutter_local_notifications (from `.symlinks/plugins/flutter_local_notifications/ios`)
  - flutter_ringtone_player (from `.symlinks/plugins/flutter_ringtone_player/ios`)
  - flutter_webrtc (from `.symlinks/plugins/flutter_webrtc/ios`)
  - sqlite3_flutter_libs (from `.symlinks/plugins/sqlite3_flutter_libs/darwin`)

SPEC REPOS:
  trunk:
    - CryptoSwift
    - Firebase
    - FirebaseCore
    - FirebaseCoreInternal
    - FirebaseInstallations
    - FirebaseMessaging
    - GoogleDataTransport
    - GoogleUtilities
    - nanopb
    - PromisesObjC
    - sqlite3
    - WebRTC-SDK

EXTERNAL SOURCES:
  firebase_core:
    :path: ".symlinks/plugins/firebase_core/ios"
  firebase_messaging:
    :path: ".symlinks/plugins/firebase_messaging/ios"
  Flutter:
    :path: Flutter
  flutter_callkit_incoming:
    :path: ".symlinks/plugins/flutter_callkit_incoming/ios"
  flutter_local_notifications:
    :path: ".symlinks/plugins/flutter_local_notifications/ios"
  flutter_ringtone_player:
    :path: ".symlinks/plugins/flutter_ringtone_player/ios"
  flutter_webrtc:
    :path: ".symlinks/plugins/flutter_webrtc/ios"
  sqlite3_flutter_libs:
    :path: ".symlinks/plugins/sqlite3_flutter_libs/darwin"

SPEC CHECKSUMS:
  CryptoSwift: e2e7776512f250e66205955da748e7a4e4abffe0
  Firebase: e8400c058702940d53f31fc0653e4e7a06332326
  firebase_core: c94f9efeed0ded590b7eecaf6110a374eb865d7a
  firebase_messaging: 00bcc97454f71d0dbe0a8adc6f2abf952320cfb2
  FirebaseCore: 52d4512296984a44a8c8870c6494870fc7aeee2f
  FirebaseCoreInternal: 3b310521b34a51ce3a6c605e4618b9aef8f6c112
  FirebaseInstallations: bd8e80f51d4c8bdc6c872011dede0b800c5b49ea
  FirebaseMessaging: 313d69fe6529c8846813d1660b65d7d38bc16954
  Flutter: cabc95a1d2626b1b06e7179b784ebcf0c0cde467
  flutter_callkit_incoming: a143995975818a3717524decd3566d5ca7a8c608
  flutter_local_notifications: 643a3eda1ce1c0599413ca31672536d423dee214
  flutter_ringtone_player: a77c42464250845611eaa44c27e8714acc800138
  flutter_webrtc: 57f32415b8744e806f9c2a96ccdb60c6a627ba33
  GoogleDataTransport: a24e58982ab3ba2f64d79613e027fe7f57e88539
  GoogleUtilities: 766ace00c6b10d8148408f329d10c4f051931850
  nanopb: fad817b59e0457d11a5dfbde799381cd727c1275
  PromisesObjC: 752c3227f599e3467650e47ea36f433eeb10c273
  sqlite3: a51c07cf16e023d6c48abd5e5791a61a47354921
  sqlite3_flutter_libs: b3e120efe9a82017e5552a620f696589ed4f62ab
  WebRTC-SDK: 79942c006ea64f6fb48d7da8a4786dfc820bc1db

PODFILE CHECKSUM: 53a6aebc29ccee84c41f92f409fc20cd4ca011f1

COCOAPODS: 1.17.0
